
Microsoft Visual Studio Solution File, Format Version 12.00
# Visual Studio Version 17
VisualStudioVersion = 17.6.33723.286
MinimumVisualStudioVersion = 10.0.40219.1
Project("{FAE04EC0-301F-11D3-BF4B-00C04F79EFBC}") = "CREVIS_SWIR_Inspector.Main", "CREVIS_SWIR_Inspector\CREVIS_SWIR_Inspector.Main.csproj", "{1B77E42B-7008-46B7-8412-D58A6347C218}"
EndProject
Project("{2150E333-8FDC-42A3-9474-1A3956D46DE8}") = "Services", "Services", "{CC0C621E-2E2C-4061-B859-65DD588044FF}"
EndProject
Project("{2150E333-8FDC-42A3-9474-1A3956D46DE8}") = "Modules", "Modules", "{5F93DE3C-3A6F-444F-9706-BDB76DF01B4F}"
EndProject
Project("{FAE04EC0-301F-11D3-BF4B-00C04F79EFBC}") = "Service.Pattern", "Service.Pattern\Service.Pattern.csproj", "{7CDA4A51-DE38-4DDD-BF00-53C9EAFA72AD}"
EndProject
Project("{FAE04EC0-301F-11D3-BF4B-00C04F79EFBC}") = "Service.CustomException", "Service.CustomException\Service.CustomException.csproj", "{0C853BAC-42CD-43AF-9EF3-2E34A1D2A33F}"
EndProject
Project("{FAE04EC0-301F-11D3-BF4B-00C04F79EFBC}") = "Service.Logger", "Service.Logger\Service.Logger.csproj", "{E0E1686B-BD6D-4CC3-B44A-E85CF9419CDA}"
EndProject
Project("{2150E333-8FDC-42A3-9474-1A3956D46DE8}") = "UI", "UI", "{CBAE9307-639A-4791-9D34-17F838083C2A}"
EndProject
Project("{FAE04EC0-301F-11D3-BF4B-00C04F79EFBC}") = "UI.ImageViewer", "UI.ImageViewer\UI.ImageViewer.csproj", "{C3FC31B7-6C08-42E4-9190-EBE9C702DA4E}"
EndProject
Project("{FAE04EC0-301F-11D3-BF4B-00C04F79EFBC}") = "UI.Controller", "UI.Controller\UI.Controller.csproj", "{89380F14-321E-480E-8512-CA5E9B3991A1}"
EndProject
Project("{FAE04EC0-301F-11D3-BF4B-00C04F79EFBC}") = "CREVIS_SWIR_Inspector.Core", "BarcodeLabel.Core\CREVIS_SWIR_Inspector.Core.csproj", "{70C5B44D-0A6C-4679-9545-9F8D0EB18697}"
EndProject
Project("{FAE04EC0-301F-11D3-BF4B-00C04F79EFBC}") = "Service.Camera", "Service.Camera\Service.Camera.csproj", "{17F19850-AC0F-4D11-ADA7-9809837BE78B}"
EndProject
Project("{FAE04EC0-301F-11D3-BF4B-00C04F79EFBC}") = "Service.Drawing", "Service.Drawing\Service.Drawing.csproj", "{320D746D-2E95-4B08-A758-FDDDAEC98198}"
EndProject
Project("{FAE04EC0-301F-11D3-BF4B-00C04F79EFBC}") = "Service.Postprocessing", "Service.Postprocessing\Service.Postprocessing.csproj", "{E02AED11-1AB5-4BC8-8E81-8D0923AA81AF}"
EndProject
Project("{FAE04EC0-301F-11D3-BF4B-00C04F79EFBC}") = "Service.MainInspection", "Service.MainInspection\Service.MainInspection.csproj", "{38B49E76-CABD-4B0E-AD3C-D32E96097BB2}"
EndProject
Project("{FAE04EC0-301F-11D3-BF4B-00C04F79EFBC}") = "Service.DeepLearning", "Service.DeepLearning\Service.DeepLearning.csproj", "{7E167001-57CE-4274-9D6E-1A9DFAEFA9CD}"
EndProject
Project("{FAE04EC0-301F-11D3-BF4B-00C04F79EFBC}") = "Service.Setting", "Service.Setting\Service.Setting.csproj", "{F2BDFF7C-F3BD-4AA8-9C93-8F118C6EA039}"
EndProject
Project("{FAE04EC0-301F-11D3-BF4B-00C04F79EFBC}") = "Service.VisionPro", "Service.VisionPro\Service.VisionPro.csproj", "{6E66EBDC-E859-4F69-B72B-B445E41BE3F7}"
EndProject
Global
	GlobalSection(SolutionConfigurationPlatforms) = preSolution
		Debug|Any CPU = Debug|Any CPU
		Debug|x64 = Debug|x64
		Release|Any CPU = Release|Any CPU
		Release|x64 = Release|x64
	EndGlobalSection
	GlobalSection(ProjectConfigurationPlatforms) = postSolution
		{1B77E42B-7008-46B7-8412-D58A6347C218}.Debug|Any CPU.ActiveCfg = Debug|x64
		{1B77E42B-7008-46B7-8412-D58A6347C218}.Debug|Any CPU.Build.0 = Debug|x64
		{1B77E42B-7008-46B7-8412-D58A6347C218}.Debug|x64.ActiveCfg = Debug|x64
		{1B77E42B-7008-46B7-8412-D58A6347C218}.Debug|x64.Build.0 = Debug|x64
		{1B77E42B-7008-46B7-8412-D58A6347C218}.Release|Any CPU.ActiveCfg = Release|x64
		{1B77E42B-7008-46B7-8412-D58A6347C218}.Release|Any CPU.Build.0 = Release|x64
		{1B77E42B-7008-46B7-8412-D58A6347C218}.Release|x64.ActiveCfg = Release|x64
		{1B77E42B-7008-46B7-8412-D58A6347C218}.Release|x64.Build.0 = Release|x64
		{7CDA4A51-DE38-4DDD-BF00-53C9EAFA72AD}.Debug|Any CPU.ActiveCfg = Debug|Any CPU
		{7CDA4A51-DE38-4DDD-BF00-53C9EAFA72AD}.Debug|Any CPU.Build.0 = Debug|Any CPU
		{7CDA4A51-DE38-4DDD-BF00-53C9EAFA72AD}.Debug|x64.ActiveCfg = Debug|x64
		{7CDA4A51-DE38-4DDD-BF00-53C9EAFA72AD}.Debug|x64.Build.0 = Debug|x64
		{7CDA4A51-DE38-4DDD-BF00-53C9EAFA72AD}.Release|Any CPU.ActiveCfg = Release|Any CPU
		{7CDA4A51-DE38-4DDD-BF00-53C9EAFA72AD}.Release|Any CPU.Build.0 = Release|Any CPU
		{7CDA4A51-DE38-4DDD-BF00-53C9EAFA72AD}.Release|x64.ActiveCfg = Release|x64
		{7CDA4A51-DE38-4DDD-BF00-53C9EAFA72AD}.Release|x64.Build.0 = Release|x64
		{0C853BAC-42CD-43AF-9EF3-2E34A1D2A33F}.Debug|Any CPU.ActiveCfg = Debug|Any CPU
		{0C853BAC-42CD-43AF-9EF3-2E34A1D2A33F}.Debug|Any CPU.Build.0 = Debug|Any CPU
		{0C853BAC-42CD-43AF-9EF3-2E34A1D2A33F}.Debug|x64.ActiveCfg = Debug|x64
		{0C853BAC-42CD-43AF-9EF3-2E34A1D2A33F}.Debug|x64.Build.0 = Debug|x64
		{0C853BAC-42CD-43AF-9EF3-2E34A1D2A33F}.Release|Any CPU.ActiveCfg = Release|Any CPU
		{0C853BAC-42CD-43AF-9EF3-2E34A1D2A33F}.Release|Any CPU.Build.0 = Release|Any CPU
		{0C853BAC-42CD-43AF-9EF3-2E34A1D2A33F}.Release|x64.ActiveCfg = Release|x64
		{0C853BAC-42CD-43AF-9EF3-2E34A1D2A33F}.Release|x64.Build.0 = Release|x64
		{E0E1686B-BD6D-4CC3-B44A-E85CF9419CDA}.Debug|Any CPU.ActiveCfg = Debug|Any CPU
		{E0E1686B-BD6D-4CC3-B44A-E85CF9419CDA}.Debug|Any CPU.Build.0 = Debug|Any CPU
		{E0E1686B-BD6D-4CC3-B44A-E85CF9419CDA}.Debug|x64.ActiveCfg = Debug|x64
		{E0E1686B-BD6D-4CC3-B44A-E85CF9419CDA}.Debug|x64.Build.0 = Debug|x64
		{E0E1686B-BD6D-4CC3-B44A-E85CF9419CDA}.Release|Any CPU.ActiveCfg = Release|Any CPU
		{E0E1686B-BD6D-4CC3-B44A-E85CF9419CDA}.Release|Any CPU.Build.0 = Release|Any CPU
		{E0E1686B-BD6D-4CC3-B44A-E85CF9419CDA}.Release|x64.ActiveCfg = Release|x64
		{E0E1686B-BD6D-4CC3-B44A-E85CF9419CDA}.Release|x64.Build.0 = Release|x64
		{C3FC31B7-6C08-42E4-9190-EBE9C702DA4E}.Debug|Any CPU.ActiveCfg = Debug|Any CPU
		{C3FC31B7-6C08-42E4-9190-EBE9C702DA4E}.Debug|Any CPU.Build.0 = Debug|Any CPU
		{C3FC31B7-6C08-42E4-9190-EBE9C702DA4E}.Debug|x64.ActiveCfg = Debug|x64
		{C3FC31B7-6C08-42E4-9190-EBE9C702DA4E}.Debug|x64.Build.0 = Debug|x64
		{C3FC31B7-6C08-42E4-9190-EBE9C702DA4E}.Release|Any CPU.ActiveCfg = Release|Any CPU
		{C3FC31B7-6C08-42E4-9190-EBE9C702DA4E}.Release|Any CPU.Build.0 = Release|Any CPU
		{C3FC31B7-6C08-42E4-9190-EBE9C702DA4E}.Release|x64.ActiveCfg = Release|x64
		{C3FC31B7-6C08-42E4-9190-EBE9C702DA4E}.Release|x64.Build.0 = Release|x64
		{89380F14-321E-480E-8512-CA5E9B3991A1}.Debug|Any CPU.ActiveCfg = Debug|Any CPU
		{89380F14-321E-480E-8512-CA5E9B3991A1}.Debug|Any CPU.Build.0 = Debug|Any CPU
		{89380F14-321E-480E-8512-CA5E9B3991A1}.Debug|x64.ActiveCfg = Debug|x64
		{89380F14-321E-480E-8512-CA5E9B3991A1}.Debug|x64.Build.0 = Debug|x64
		{89380F14-321E-480E-8512-CA5E9B3991A1}.Release|Any CPU.ActiveCfg = Release|Any CPU
		{89380F14-321E-480E-8512-CA5E9B3991A1}.Release|Any CPU.Build.0 = Release|Any CPU
		{89380F14-321E-480E-8512-CA5E9B3991A1}.Release|x64.ActiveCfg = Release|x64
		{89380F14-321E-480E-8512-CA5E9B3991A1}.Release|x64.Build.0 = Release|x64
		{70C5B44D-0A6C-4679-9545-9F8D0EB18697}.Debug|Any CPU.ActiveCfg = Debug|x64
		{70C5B44D-0A6C-4679-9545-9F8D0EB18697}.Debug|Any CPU.Build.0 = Debug|x64
		{70C5B44D-0A6C-4679-9545-9F8D0EB18697}.Debug|x64.ActiveCfg = Debug|x64
		{70C5B44D-0A6C-4679-9545-9F8D0EB18697}.Debug|x64.Build.0 = Debug|x64
		{70C5B44D-0A6C-4679-9545-9F8D0EB18697}.Release|Any CPU.ActiveCfg = Release|x64
		{70C5B44D-0A6C-4679-9545-9F8D0EB18697}.Release|Any CPU.Build.0 = Release|x64
		{70C5B44D-0A6C-4679-9545-9F8D0EB18697}.Release|x64.ActiveCfg = Release|x64
		{70C5B44D-0A6C-4679-9545-9F8D0EB18697}.Release|x64.Build.0 = Release|x64
		{17F19850-AC0F-4D11-ADA7-9809837BE78B}.Debug|Any CPU.ActiveCfg = Debug|x64
		{17F19850-AC0F-4D11-ADA7-9809837BE78B}.Debug|Any CPU.Build.0 = Debug|x64
		{17F19850-AC0F-4D11-ADA7-9809837BE78B}.Debug|x64.ActiveCfg = Debug|x64
		{17F19850-AC0F-4D11-ADA7-9809837BE78B}.Debug|x64.Build.0 = Debug|x64
		{17F19850-AC0F-4D11-ADA7-9809837BE78B}.Release|Any CPU.ActiveCfg = Release|x64
		{17F19850-AC0F-4D11-ADA7-9809837BE78B}.Release|Any CPU.Build.0 = Release|x64
		{17F19850-AC0F-4D11-ADA7-9809837BE78B}.Release|x64.ActiveCfg = Release|x64
		{17F19850-AC0F-4D11-ADA7-9809837BE78B}.Release|x64.Build.0 = Release|x64
		{320D746D-2E95-4B08-A758-FDDDAEC98198}.Debug|Any CPU.ActiveCfg = Debug|Any CPU
		{320D746D-2E95-4B08-A758-FDDDAEC98198}.Debug|Any CPU.Build.0 = Debug|Any CPU
		{320D746D-2E95-4B08-A758-FDDDAEC98198}.Debug|x64.ActiveCfg = Debug|x64
		{320D746D-2E95-4B08-A758-FDDDAEC98198}.Debug|x64.Build.0 = Debug|x64
		{320D746D-2E95-4B08-A758-FDDDAEC98198}.Release|Any CPU.ActiveCfg = Release|Any CPU
		{320D746D-2E95-4B08-A758-FDDDAEC98198}.Release|Any CPU.Build.0 = Release|Any CPU
		{320D746D-2E95-4B08-A758-FDDDAEC98198}.Release|x64.ActiveCfg = Release|x64
		{320D746D-2E95-4B08-A758-FDDDAEC98198}.Release|x64.Build.0 = Release|x64
		{E02AED11-1AB5-4BC8-8E81-8D0923AA81AF}.Debug|Any CPU.ActiveCfg = Debug|Any CPU
		{E02AED11-1AB5-4BC8-8E81-8D0923AA81AF}.Debug|Any CPU.Build.0 = Debug|Any CPU
		{E02AED11-1AB5-4BC8-8E81-8D0923AA81AF}.Debug|x64.ActiveCfg = Debug|x64
		{E02AED11-1AB5-4BC8-8E81-8D0923AA81AF}.Debug|x64.Build.0 = Debug|x64
		{E02AED11-1AB5-4BC8-8E81-8D0923AA81AF}.Release|Any CPU.ActiveCfg = Release|Any CPU
		{E02AED11-1AB5-4BC8-8E81-8D0923AA81AF}.Release|Any CPU.Build.0 = Release|Any CPU
		{E02AED11-1AB5-4BC8-8E81-8D0923AA81AF}.Release|x64.ActiveCfg = Release|x64
		{E02AED11-1AB5-4BC8-8E81-8D0923AA81AF}.Release|x64.Build.0 = Release|x64
		{38B49E76-CABD-4B0E-AD3C-D32E96097BB2}.Debug|Any CPU.ActiveCfg = Debug|Any CPU
		{38B49E76-CABD-4B0E-AD3C-D32E96097BB2}.Debug|Any CPU.Build.0 = Debug|Any CPU
		{38B49E76-CABD-4B0E-AD3C-D32E96097BB2}.Debug|x64.ActiveCfg = Debug|x64
		{38B49E76-CABD-4B0E-AD3C-D32E96097BB2}.Debug|x64.Build.0 = Debug|x64
		{38B49E76-CABD-4B0E-AD3C-D32E96097BB2}.Release|Any CPU.ActiveCfg = Release|Any CPU
		{38B49E76-CABD-4B0E-AD3C-D32E96097BB2}.Release|Any CPU.Build.0 = Release|Any CPU
		{38B49E76-CABD-4B0E-AD3C-D32E96097BB2}.Release|x64.ActiveCfg = Release|x64
		{38B49E76-CABD-4B0E-AD3C-D32E96097BB2}.Release|x64.Build.0 = Release|x64
		{7E167001-57CE-4274-9D6E-1A9DFAEFA9CD}.Debug|Any CPU.ActiveCfg = Debug|x64
		{7E167001-57CE-4274-9D6E-1A9DFAEFA9CD}.Debug|x64.ActiveCfg = Debug|x64
		{7E167001-57CE-4274-9D6E-1A9DFAEFA9CD}.Debug|x64.Build.0 = Debug|x64
		{7E167001-57CE-4274-9D6E-1A9DFAEFA9CD}.Release|Any CPU.ActiveCfg = Release|x64
		{7E167001-57CE-4274-9D6E-1A9DFAEFA9CD}.Release|x64.ActiveCfg = Release|x64
		{F2BDFF7C-F3BD-4AA8-9C93-8F118C6EA039}.Debug|Any CPU.ActiveCfg = Debug|Any CPU
		{F2BDFF7C-F3BD-4AA8-9C93-8F118C6EA039}.Debug|Any CPU.Build.0 = Debug|Any CPU
		{F2BDFF7C-F3BD-4AA8-9C93-8F118C6EA039}.Debug|x64.ActiveCfg = Debug|x64
		{F2BDFF7C-F3BD-4AA8-9C93-8F118C6EA039}.Debug|x64.Build.0 = Debug|x64
		{F2BDFF7C-F3BD-4AA8-9C93-8F118C6EA039}.Release|Any CPU.ActiveCfg = Release|Any CPU
		{F2BDFF7C-F3BD-4AA8-9C93-8F118C6EA039}.Release|Any CPU.Build.0 = Release|Any CPU
		{F2BDFF7C-F3BD-4AA8-9C93-8F118C6EA039}.Release|x64.ActiveCfg = Release|x64
		{F2BDFF7C-F3BD-4AA8-9C93-8F118C6EA039}.Release|x64.Build.0 = Release|x64
		{6E66EBDC-E859-4F69-B72B-B445E41BE3F7}.Debug|Any CPU.ActiveCfg = Debug|Any CPU
		{6E66EBDC-E859-4F69-B72B-B445E41BE3F7}.Debug|Any CPU.Build.0 = Debug|Any CPU
		{6E66EBDC-E859-4F69-B72B-B445E41BE3F7}.Debug|x64.ActiveCfg = Debug|x64
		{6E66EBDC-E859-4F69-B72B-B445E41BE3F7}.Debug|x64.Build.0 = Debug|x64
		{6E66EBDC-E859-4F69-B72B-B445E41BE3F7}.Release|Any CPU.ActiveCfg = Release|Any CPU
		{6E66EBDC-E859-4F69-B72B-B445E41BE3F7}.Release|Any CPU.Build.0 = Release|Any CPU
		{6E66EBDC-E859-4F69-B72B-B445E41BE3F7}.Release|x64.ActiveCfg = Release|x64
		{6E66EBDC-E859-4F69-B72B-B445E41BE3F7}.Release|x64.Build.0 = Release|x64
	EndGlobalSection
	GlobalSection(SolutionProperties) = preSolution
		HideSolutionNode = FALSE
	EndGlobalSection
	GlobalSection(NestedProjects) = preSolution
		{7CDA4A51-DE38-4DDD-BF00-53C9EAFA72AD} = {CC0C621E-2E2C-4061-B859-65DD588044FF}
		{0C853BAC-42CD-43AF-9EF3-2E34A1D2A33F} = {CC0C621E-2E2C-4061-B859-65DD588044FF}
		{E0E1686B-BD6D-4CC3-B44A-E85CF9419CDA} = {CC0C621E-2E2C-4061-B859-65DD588044FF}
		{CBAE9307-639A-4791-9D34-17F838083C2A} = {5F93DE3C-3A6F-444F-9706-BDB76DF01B4F}
		{C3FC31B7-6C08-42E4-9190-EBE9C702DA4E} = {CBAE9307-639A-4791-9D34-17F838083C2A}
		{89380F14-321E-480E-8512-CA5E9B3991A1} = {CBAE9307-639A-4791-9D34-17F838083C2A}
		{17F19850-AC0F-4D11-ADA7-9809837BE78B} = {CC0C621E-2E2C-4061-B859-65DD588044FF}
		{320D746D-2E95-4B08-A758-FDDDAEC98198} = {CC0C621E-2E2C-4061-B859-65DD588044FF}
		{E02AED11-1AB5-4BC8-8E81-8D0923AA81AF} = {CC0C621E-2E2C-4061-B859-65DD588044FF}
		{38B49E76-CABD-4B0E-AD3C-D32E96097BB2} = {CC0C621E-2E2C-4061-B859-65DD588044FF}
		{7E167001-57CE-4274-9D6E-1A9DFAEFA9CD} = {CC0C621E-2E2C-4061-B859-65DD588044FF}
		{F2BDFF7C-F3BD-4AA8-9C93-8F118C6EA039} = {CC0C621E-2E2C-4061-B859-65DD588044FF}
		{6E66EBDC-E859-4F69-B72B-B445E41BE3F7} = {CC0C621E-2E2C-4061-B859-65DD588044FF}
	EndGlobalSection
	GlobalSection(ExtensibilityGlobals) = postSolution
		SolutionGuid = {2039644F-0D8A-413C-B6FD-FBEEBA3FC058}
	EndGlobalSection
EndGlobal
