
Microsoft Visual Studio Solution File, Format Version 12.00
# Visual Studio Version 17
VisualStudioVersion = 17.6.33723.286
MinimumVisualStudioVersion = 10.0.40219.1
Project("{FAE04EC0-301F-11D3-BF4B-00C04F79EFBC}") = "Daewonpharm_BarcodeLabel", "Daewonpharm_BarcodeLabel\Daewonpharm_BarcodeLabel.csproj", "{1B77E42B-7008-46B7-8412-D58A6347C218}"
EndProject
Global
	GlobalSection(SolutionConfigurationPlatforms) = preSolution
		Debug|Any CPU = Debug|Any CPU
		Release|Any CPU = Release|Any CPU
	EndGlobalSection
	GlobalSection(ProjectConfigurationPlatforms) = postSolution
		{1B77E42B-7008-46B7-8412-D58A6347C218}.Debug|Any CPU.ActiveCfg = Debug|Any CPU
		{1B77E42B-7008-46B7-8412-D58A6347C218}.Debug|Any CPU.Build.0 = Debug|Any CPU
		{1B77E42B-7008-46B7-8412-D58A6347C218}.Release|Any CPU.ActiveCfg = Release|Any CPU
		{1B77E42B-7008-46B7-8412-D58A6347C218}.Release|Any CPU.Build.0 = Release|Any CPU
	EndGlobalSection
	GlobalSection(SolutionProperties) = preSolution
		HideSolutionNode = FALSE
	EndGlobalSection
	GlobalSection(ExtensibilityGlobals) = postSolution
		SolutionGuid = {2039644F-0D8A-413C-B6FD-FBEEBA3FC058}
	EndGlobalSection
EndGlobal
