
Microsoft Visual Studio Solution File, Format Version 12.00
# Visual Studio Version 17
VisualStudioVersion = 17.6.33723.286
MinimumVisualStudioVersion = 10.0.40219.1
Project("{FAE04EC0-301F-11D3-BF4B-00C04F79EFBC}") = "BarcodeLabel.Main", "Daewonpharm_BarcodeLabel\BarcodeLabel.Main.csproj", "{1B77E42B-7008-46B7-8412-D58A6347C218}"
EndProject
Project("{2150E333-8FDC-42A3-9474-1A3956D46DE8}") = "Services", "Services", "{CC0C621E-2E2C-4061-B859-65DD588044FF}"
EndProject
Project("{2150E333-8FDC-42A3-9474-1A3956D46DE8}") = "Modules", "Modules", "{5F93DE3C-3A6F-444F-9706-BDB76DF01B4F}"
EndProject
Project("{FAE04EC0-301F-11D3-BF4B-00C04F79EFBC}") = "Service.Pattern", "Service.Pattern\Service.Pattern.csproj", "{7CDA4A51-DE38-4DDD-BF00-53C9EAFA72AD}"
EndProject
Project("{FAE04EC0-301F-11D3-BF4B-00C04F79EFBC}") = "Service.CustomException", "Service.CustomException\Service.CustomException.csproj", "{0C853BAC-42CD-43AF-9EF3-2E34A1D2A33F}"
EndProject
Project("{FAE04EC0-301F-11D3-BF4B-00C04F79EFBC}") = "Service.Logger", "Service.Logger\Service.Logger.csproj", "{E0E1686B-BD6D-4CC3-B44A-E85CF9419CDA}"
EndProject
Project("{FAE04EC0-301F-11D3-BF4B-00C04F79EFBC}") = "Service.IO", "Service.IO\Service.IO.csproj", "{5E8AD4A7-9E1A-4B59-B21D-11C5A84EC26C}"
EndProject
Project("{2150E333-8FDC-42A3-9474-1A3956D46DE8}") = "UI", "UI", "{CBAE9307-639A-4791-9D34-17F838083C2A}"
EndProject
Project("{FAE04EC0-301F-11D3-BF4B-00C04F79EFBC}") = "UI.MenuBar", "UI.MenuBar\UI.MenuBar.csproj", "{09811099-1AF4-4D6C-A76A-9E75A75A4A10}"
EndProject
Project("{FAE04EC0-301F-11D3-BF4B-00C04F79EFBC}") = "UI.ConnectState", "UI.ConnectState\UI.ConnectState.csproj", "{1736EA4A-DC6C-4F3D-BC10-FA7B92EDB055}"
EndProject
Project("{FAE04EC0-301F-11D3-BF4B-00C04F79EFBC}") = "UI.LogBoard", "UI.LogBoard\UI.LogBoard.csproj", "{094F7961-C0B3-4F71-A513-5F10636A2395}"
EndProject
Project("{FAE04EC0-301F-11D3-BF4B-00C04F79EFBC}") = "UI.Measurement", "UI.Measurement\UI.Measurement.csproj", "{A4EA8E7A-1B3A-4C40-802B-079A0EB038E8}"
EndProject
Project("{FAE04EC0-301F-11D3-BF4B-00C04F79EFBC}") = "UI.ImageViewer", "UI.ImageViewer\UI.ImageViewer.csproj", "{C3FC31B7-6C08-42E4-9190-EBE9C702DA4E}"
EndProject
Project("{FAE04EC0-301F-11D3-BF4B-00C04F79EFBC}") = "UI.Controller", "UI.Controller\UI.Controller.csproj", "{89380F14-321E-480E-8512-CA5E9B3991A1}"
EndProject
Global
	GlobalSection(SolutionConfigurationPlatforms) = preSolution
		Debug|Any CPU = Debug|Any CPU
		Debug|x64 = Debug|x64
		Release|Any CPU = Release|Any CPU
		Release|x64 = Release|x64
	EndGlobalSection
	GlobalSection(ProjectConfigurationPlatforms) = postSolution
		{1B77E42B-7008-46B7-8412-D58A6347C218}.Debug|Any CPU.ActiveCfg = Debug|Any CPU
		{1B77E42B-7008-46B7-8412-D58A6347C218}.Debug|Any CPU.Build.0 = Debug|Any CPU
		{1B77E42B-7008-46B7-8412-D58A6347C218}.Debug|x64.ActiveCfg = Debug|Any CPU
		{1B77E42B-7008-46B7-8412-D58A6347C218}.Debug|x64.Build.0 = Debug|Any CPU
		{1B77E42B-7008-46B7-8412-D58A6347C218}.Release|Any CPU.ActiveCfg = Release|Any CPU
		{1B77E42B-7008-46B7-8412-D58A6347C218}.Release|Any CPU.Build.0 = Release|Any CPU
		{1B77E42B-7008-46B7-8412-D58A6347C218}.Release|x64.ActiveCfg = Release|Any CPU
		{1B77E42B-7008-46B7-8412-D58A6347C218}.Release|x64.Build.0 = Release|Any CPU
		{7CDA4A51-DE38-4DDD-BF00-53C9EAFA72AD}.Debug|Any CPU.ActiveCfg = Debug|Any CPU
		{7CDA4A51-DE38-4DDD-BF00-53C9EAFA72AD}.Debug|Any CPU.Build.0 = Debug|Any CPU
		{7CDA4A51-DE38-4DDD-BF00-53C9EAFA72AD}.Debug|x64.ActiveCfg = Debug|Any CPU
		{7CDA4A51-DE38-4DDD-BF00-53C9EAFA72AD}.Debug|x64.Build.0 = Debug|Any CPU
		{7CDA4A51-DE38-4DDD-BF00-53C9EAFA72AD}.Release|Any CPU.ActiveCfg = Release|Any CPU
		{7CDA4A51-DE38-4DDD-BF00-53C9EAFA72AD}.Release|Any CPU.Build.0 = Release|Any CPU
		{7CDA4A51-DE38-4DDD-BF00-53C9EAFA72AD}.Release|x64.ActiveCfg = Release|Any CPU
		{7CDA4A51-DE38-4DDD-BF00-53C9EAFA72AD}.Release|x64.Build.0 = Release|Any CPU
		{0C853BAC-42CD-43AF-9EF3-2E34A1D2A33F}.Debug|Any CPU.ActiveCfg = Debug|Any CPU
		{0C853BAC-42CD-43AF-9EF3-2E34A1D2A33F}.Debug|Any CPU.Build.0 = Debug|Any CPU
		{0C853BAC-42CD-43AF-9EF3-2E34A1D2A33F}.Debug|x64.ActiveCfg = Debug|Any CPU
		{0C853BAC-42CD-43AF-9EF3-2E34A1D2A33F}.Debug|x64.Build.0 = Debug|Any CPU
		{0C853BAC-42CD-43AF-9EF3-2E34A1D2A33F}.Release|Any CPU.ActiveCfg = Release|Any CPU
		{0C853BAC-42CD-43AF-9EF3-2E34A1D2A33F}.Release|Any CPU.Build.0 = Release|Any CPU
		{0C853BAC-42CD-43AF-9EF3-2E34A1D2A33F}.Release|x64.ActiveCfg = Release|Any CPU
		{0C853BAC-42CD-43AF-9EF3-2E34A1D2A33F}.Release|x64.Build.0 = Release|Any CPU
		{E0E1686B-BD6D-4CC3-B44A-E85CF9419CDA}.Debug|Any CPU.ActiveCfg = Debug|Any CPU
		{E0E1686B-BD6D-4CC3-B44A-E85CF9419CDA}.Debug|Any CPU.Build.0 = Debug|Any CPU
		{E0E1686B-BD6D-4CC3-B44A-E85CF9419CDA}.Debug|x64.ActiveCfg = Debug|Any CPU
		{E0E1686B-BD6D-4CC3-B44A-E85CF9419CDA}.Debug|x64.Build.0 = Debug|Any CPU
		{E0E1686B-BD6D-4CC3-B44A-E85CF9419CDA}.Release|Any CPU.ActiveCfg = Release|Any CPU
		{E0E1686B-BD6D-4CC3-B44A-E85CF9419CDA}.Release|Any CPU.Build.0 = Release|Any CPU
		{E0E1686B-BD6D-4CC3-B44A-E85CF9419CDA}.Release|x64.ActiveCfg = Release|Any CPU
		{E0E1686B-BD6D-4CC3-B44A-E85CF9419CDA}.Release|x64.Build.0 = Release|Any CPU
		{5E8AD4A7-9E1A-4B59-B21D-11C5A84EC26C}.Debug|Any CPU.ActiveCfg = Debug|Any CPU
		{5E8AD4A7-9E1A-4B59-B21D-11C5A84EC26C}.Debug|Any CPU.Build.0 = Debug|Any CPU
		{5E8AD4A7-9E1A-4B59-B21D-11C5A84EC26C}.Debug|x64.ActiveCfg = Debug|Any CPU
		{5E8AD4A7-9E1A-4B59-B21D-11C5A84EC26C}.Debug|x64.Build.0 = Debug|Any CPU
		{5E8AD4A7-9E1A-4B59-B21D-11C5A84EC26C}.Release|Any CPU.ActiveCfg = Release|Any CPU
		{5E8AD4A7-9E1A-4B59-B21D-11C5A84EC26C}.Release|Any CPU.Build.0 = Release|Any CPU
		{5E8AD4A7-9E1A-4B59-B21D-11C5A84EC26C}.Release|x64.ActiveCfg = Release|Any CPU
		{5E8AD4A7-9E1A-4B59-B21D-11C5A84EC26C}.Release|x64.Build.0 = Release|Any CPU
		{09811099-1AF4-4D6C-A76A-9E75A75A4A10}.Debug|Any CPU.ActiveCfg = Debug|Any CPU
		{09811099-1AF4-4D6C-A76A-9E75A75A4A10}.Debug|Any CPU.Build.0 = Debug|Any CPU
		{09811099-1AF4-4D6C-A76A-9E75A75A4A10}.Debug|x64.ActiveCfg = Debug|Any CPU
		{09811099-1AF4-4D6C-A76A-9E75A75A4A10}.Debug|x64.Build.0 = Debug|Any CPU
		{09811099-1AF4-4D6C-A76A-9E75A75A4A10}.Release|Any CPU.ActiveCfg = Release|Any CPU
		{09811099-1AF4-4D6C-A76A-9E75A75A4A10}.Release|Any CPU.Build.0 = Release|Any CPU
		{09811099-1AF4-4D6C-A76A-9E75A75A4A10}.Release|x64.ActiveCfg = Release|Any CPU
		{09811099-1AF4-4D6C-A76A-9E75A75A4A10}.Release|x64.Build.0 = Release|Any CPU
		{1736EA4A-DC6C-4F3D-BC10-FA7B92EDB055}.Debug|Any CPU.ActiveCfg = Debug|Any CPU
		{1736EA4A-DC6C-4F3D-BC10-FA7B92EDB055}.Debug|Any CPU.Build.0 = Debug|Any CPU
		{1736EA4A-DC6C-4F3D-BC10-FA7B92EDB055}.Debug|x64.ActiveCfg = Debug|Any CPU
		{1736EA4A-DC6C-4F3D-BC10-FA7B92EDB055}.Debug|x64.Build.0 = Debug|Any CPU
		{1736EA4A-DC6C-4F3D-BC10-FA7B92EDB055}.Release|Any CPU.ActiveCfg = Release|Any CPU
		{1736EA4A-DC6C-4F3D-BC10-FA7B92EDB055}.Release|Any CPU.Build.0 = Release|Any CPU
		{1736EA4A-DC6C-4F3D-BC10-FA7B92EDB055}.Release|x64.ActiveCfg = Release|Any CPU
		{1736EA4A-DC6C-4F3D-BC10-FA7B92EDB055}.Release|x64.Build.0 = Release|Any CPU
		{094F7961-C0B3-4F71-A513-5F10636A2395}.Debug|Any CPU.ActiveCfg = Debug|Any CPU
		{094F7961-C0B3-4F71-A513-5F10636A2395}.Debug|Any CPU.Build.0 = Debug|Any CPU
		{094F7961-C0B3-4F71-A513-5F10636A2395}.Debug|x64.ActiveCfg = Debug|Any CPU
		{094F7961-C0B3-4F71-A513-5F10636A2395}.Debug|x64.Build.0 = Debug|Any CPU
		{094F7961-C0B3-4F71-A513-5F10636A2395}.Release|Any CPU.ActiveCfg = Release|Any CPU
		{094F7961-C0B3-4F71-A513-5F10636A2395}.Release|Any CPU.Build.0 = Release|Any CPU
		{094F7961-C0B3-4F71-A513-5F10636A2395}.Release|x64.ActiveCfg = Release|Any CPU
		{094F7961-C0B3-4F71-A513-5F10636A2395}.Release|x64.Build.0 = Release|Any CPU
		{A4EA8E7A-1B3A-4C40-802B-079A0EB038E8}.Debug|Any CPU.ActiveCfg = Debug|Any CPU
		{A4EA8E7A-1B3A-4C40-802B-079A0EB038E8}.Debug|Any CPU.Build.0 = Debug|Any CPU
		{A4EA8E7A-1B3A-4C40-802B-079A0EB038E8}.Debug|x64.ActiveCfg = Debug|Any CPU
		{A4EA8E7A-1B3A-4C40-802B-079A0EB038E8}.Debug|x64.Build.0 = Debug|Any CPU
		{A4EA8E7A-1B3A-4C40-802B-079A0EB038E8}.Release|Any CPU.ActiveCfg = Release|Any CPU
		{A4EA8E7A-1B3A-4C40-802B-079A0EB038E8}.Release|Any CPU.Build.0 = Release|Any CPU
		{A4EA8E7A-1B3A-4C40-802B-079A0EB038E8}.Release|x64.ActiveCfg = Release|Any CPU
		{A4EA8E7A-1B3A-4C40-802B-079A0EB038E8}.Release|x64.Build.0 = Release|Any CPU
		{C3FC31B7-6C08-42E4-9190-EBE9C702DA4E}.Debug|Any CPU.ActiveCfg = Debug|Any CPU
		{C3FC31B7-6C08-42E4-9190-EBE9C702DA4E}.Debug|Any CPU.Build.0 = Debug|Any CPU
		{C3FC31B7-6C08-42E4-9190-EBE9C702DA4E}.Debug|x64.ActiveCfg = Debug|Any CPU
		{C3FC31B7-6C08-42E4-9190-EBE9C702DA4E}.Debug|x64.Build.0 = Debug|Any CPU
		{C3FC31B7-6C08-42E4-9190-EBE9C702DA4E}.Release|Any CPU.ActiveCfg = Release|Any CPU
		{C3FC31B7-6C08-42E4-9190-EBE9C702DA4E}.Release|Any CPU.Build.0 = Release|Any CPU
		{C3FC31B7-6C08-42E4-9190-EBE9C702DA4E}.Release|x64.ActiveCfg = Release|Any CPU
		{C3FC31B7-6C08-42E4-9190-EBE9C702DA4E}.Release|x64.Build.0 = Release|Any CPU
		{89380F14-321E-480E-8512-CA5E9B3991A1}.Debug|Any CPU.ActiveCfg = Debug|Any CPU
		{89380F14-321E-480E-8512-CA5E9B3991A1}.Debug|Any CPU.Build.0 = Debug|Any CPU
		{89380F14-321E-480E-8512-CA5E9B3991A1}.Debug|x64.ActiveCfg = Debug|Any CPU
		{89380F14-321E-480E-8512-CA5E9B3991A1}.Debug|x64.Build.0 = Debug|Any CPU
		{89380F14-321E-480E-8512-CA5E9B3991A1}.Release|Any CPU.ActiveCfg = Release|Any CPU
		{89380F14-321E-480E-8512-CA5E9B3991A1}.Release|Any CPU.Build.0 = Release|Any CPU
		{89380F14-321E-480E-8512-CA5E9B3991A1}.Release|x64.ActiveCfg = Release|Any CPU
		{89380F14-321E-480E-8512-CA5E9B3991A1}.Release|x64.Build.0 = Release|Any CPU
	EndGlobalSection
	GlobalSection(SolutionProperties) = preSolution
		HideSolutionNode = FALSE
	EndGlobalSection
	GlobalSection(NestedProjects) = preSolution
		{7CDA4A51-DE38-4DDD-BF00-53C9EAFA72AD} = {CC0C621E-2E2C-4061-B859-65DD588044FF}
		{0C853BAC-42CD-43AF-9EF3-2E34A1D2A33F} = {CC0C621E-2E2C-4061-B859-65DD588044FF}
		{E0E1686B-BD6D-4CC3-B44A-E85CF9419CDA} = {CC0C621E-2E2C-4061-B859-65DD588044FF}
		{5E8AD4A7-9E1A-4B59-B21D-11C5A84EC26C} = {CC0C621E-2E2C-4061-B859-65DD588044FF}
		{CBAE9307-639A-4791-9D34-17F838083C2A} = {5F93DE3C-3A6F-444F-9706-BDB76DF01B4F}
		{09811099-1AF4-4D6C-A76A-9E75A75A4A10} = {CBAE9307-639A-4791-9D34-17F838083C2A}
		{1736EA4A-DC6C-4F3D-BC10-FA7B92EDB055} = {CBAE9307-639A-4791-9D34-17F838083C2A}
		{094F7961-C0B3-4F71-A513-5F10636A2395} = {CBAE9307-639A-4791-9D34-17F838083C2A}
		{A4EA8E7A-1B3A-4C40-802B-079A0EB038E8} = {CBAE9307-639A-4791-9D34-17F838083C2A}
		{C3FC31B7-6C08-42E4-9190-EBE9C702DA4E} = {CBAE9307-639A-4791-9D34-17F838083C2A}
		{89380F14-321E-480E-8512-CA5E9B3991A1} = {CBAE9307-639A-4791-9D34-17F838083C2A}
	EndGlobalSection
	GlobalSection(ExtensibilityGlobals) = postSolution
		SolutionGuid = {2039644F-0D8A-413C-B6FD-FBEEBA3FC058}
	EndGlobalSection
EndGlobal
