
Microsoft Visual Studio Solution File, Format Version 12.00
# Visual Studio Version 17
VisualStudioVersion = 17.6.33723.286
MinimumVisualStudioVersion = 10.0.40219.1
Project("{FAE04EC0-301F-11D3-BF4B-00C04F79EFBC}") = "BarcodeLabel.Main", "Daewonpharm_BarcodeLabel\BarcodeLabel.Main.csproj", "{1B77E42B-7008-46B7-8412-D58A6347C218}"
EndProject
Project("{2150E333-8FDC-42A3-9474-1A3956D46DE8}") = "Services", "Services", "{CC0C621E-2E2C-4061-B859-65DD588044FF}"
EndProject
Project("{2150E333-8FDC-42A3-9474-1A3956D46DE8}") = "Modules", "Modules", "{5F93DE3C-3A6F-444F-9706-BDB76DF01B4F}"
EndProject
Project("{FAE04EC0-301F-11D3-BF4B-00C04F79EFBC}") = "Service.Pattern", "Service.Pattern\Service.Pattern.csproj", "{7CDA4A51-DE38-4DDD-BF00-53C9EAFA72AD}"
EndProject
Project("{FAE04EC0-301F-11D3-BF4B-00C04F79EFBC}") = "Service.CustomException", "Service.CustomException\Service.CustomException.csproj", "{0C853BAC-42CD-43AF-9EF3-2E34A1D2A33F}"
EndProject
Project("{FAE04EC0-301F-11D3-BF4B-00C04F79EFBC}") = "Service.Logger", "Service.Logger\Service.Logger.csproj", "{E0E1686B-BD6D-4CC3-B44A-E85CF9419CDA}"
EndProject
Project("{FAE04EC0-301F-11D3-BF4B-00C04F79EFBC}") = "Service.IO", "Service.IO\Service.IO.csproj", "{5E8AD4A7-9E1A-4B59-B21D-11C5A84EC26C}"
EndProject
Project("{2150E333-8FDC-42A3-9474-1A3956D46DE8}") = "UI", "UI", "{CBAE9307-639A-4791-9D34-17F838083C2A}"
EndProject
Project("{FAE04EC0-301F-11D3-BF4B-00C04F79EFBC}") = "UI.MenuBar", "UI.MenuBar\UI.MenuBar.csproj", "{09811099-1AF4-4D6C-A76A-9E75A75A4A10}"
EndProject
Project("{FAE04EC0-301F-11D3-BF4B-00C04F79EFBC}") = "UI.ConnectState", "UI.ConnectState\UI.ConnectState.csproj", "{1736EA4A-DC6C-4F3D-BC10-FA7B92EDB055}"
EndProject
Project("{FAE04EC0-301F-11D3-BF4B-00C04F79EFBC}") = "UI.LogBoard", "UI.LogBoard\UI.LogBoard.csproj", "{094F7961-C0B3-4F71-A513-5F10636A2395}"
EndProject
Project("{FAE04EC0-301F-11D3-BF4B-00C04F79EFBC}") = "UI.Measurement", "UI.Measurement\UI.Measurement.csproj", "{A4EA8E7A-1B3A-4C40-802B-079A0EB038E8}"
EndProject
Project("{FAE04EC0-301F-11D3-BF4B-00C04F79EFBC}") = "UI.ImageViewer", "UI.ImageViewer\UI.ImageViewer.csproj", "{C3FC31B7-6C08-42E4-9190-EBE9C702DA4E}"
EndProject
Project("{FAE04EC0-301F-11D3-BF4B-00C04F79EFBC}") = "UI.Controller", "UI.Controller\UI.Controller.csproj", "{89380F14-321E-480E-8512-CA5E9B3991A1}"
EndProject
Project("{FAE04EC0-301F-11D3-BF4B-00C04F79EFBC}") = "BarcodeLabel.Core", "BarcodeLabel.Core\BarcodeLabel.Core.csproj", "{70C5B44D-0A6C-4679-9545-9F8D0EB18697}"
EndProject
Project("{FAE04EC0-301F-11D3-BF4B-00C04F79EFBC}") = "Service.Camera", "Service.Camera\Service.Camera.csproj", "{17F19850-AC0F-4D11-ADA7-9809837BE78B}"
EndProject
Project("{2150E333-8FDC-42A3-9474-1A3956D46DE8}") = "Dialog", "Dialog", "{892C393B-2999-43FD-ABA6-8D4D55EF38E3}"
EndProject
Project("{FAE04EC0-301F-11D3-BF4B-00C04F79EFBC}") = "Dialog.DirectorySelecton", "Dialog.DirectorySelecton\Dialog.DirectorySelecton.csproj", "{75BEFAF2-189A-4B47-82BF-7F6A9B366316}"
EndProject
Project("{FAE04EC0-301F-11D3-BF4B-00C04F79EFBC}") = "Service.Setting", "Service.Setting\Service.Setting.csproj", "{F2BDFF7C-F3BD-4AA8-9C93-8F118C6EA039}"
EndProject
Project("{FAE04EC0-301F-11D3-BF4B-00C04F79EFBC}") = "Dialog.AppSetting", "Dialog.AppSetting\Dialog.AppSetting.csproj", "{A4ACC0D0-DAC5-4192-AFCD-7755E8C52871}"
EndProject
Project("{FAE04EC0-301F-11D3-BF4B-00C04F79EFBC}") = "Dialog.LiveCam", "Dialog.LiveCam\Dialog.LiveCam.csproj", "{42BC2DA0-E7D8-4F5A-BCCB-82BA7850FFC5}"
EndProject
Project("{FAE04EC0-301F-11D3-BF4B-00C04F79EFBC}") = "Dialog.CameraState", "Dialog.CameraState\Dialog.CameraState.csproj", "{38BE2AC8-4345-4038-A69E-6A673C828B2A}"
EndProject
Project("{FAE04EC0-301F-11D3-BF4B-00C04F79EFBC}") = "Dialog.IOMonitor", "Dialog.IOMonitor\Dialog.IOMonitor.csproj", "{31BFA379-4921-4AD6-9084-637CE116A339}"
EndProject
Project("{FAE04EC0-301F-11D3-BF4B-00C04F79EFBC}") = "Service.IOController", "Service.IOController\Service.IOController.csproj", "{B84D742D-71A4-447D-8BEA-284A8E136924}"
EndProject
Project("{FAE04EC0-301F-11D3-BF4B-00C04F79EFBC}") = "CrevisService.LayoutSupport", "CrevisService.LayoutSupport\CrevisService.LayoutSupport.csproj", "{E96C8E27-2C83-473C-AE79-F95CD719D0A0}"
EndProject
Project("{FAE04EC0-301F-11D3-BF4B-00C04F79EFBC}") = "Service.Inspection", "Service.Inspection\Service.Inspection.csproj", "{CEEC9CB0-A420-4FEC-8669-37CB34541C0F}"
EndProject
Project("{FAE04EC0-301F-11D3-BF4B-00C04F79EFBC}") = "Service.VisionPro", "Service.VisionPro\Service.VisionPro.csproj", "{6E66EBDC-E859-4F69-B72B-B445E41BE3F7}"
EndProject
Project("{FAE04EC0-301F-11D3-BF4B-00C04F79EFBC}") = "Service.Drawing", "Service.Drawing\Service.Drawing.csproj", "{320D746D-2E95-4B08-A758-FDDDAEC98198}"
EndProject
Project("{FAE04EC0-301F-11D3-BF4B-00C04F79EFBC}") = "Service.Postprocessing", "Service.Postprocessing\Service.Postprocessing.csproj", "{E02AED11-1AB5-4BC8-8E81-8D0923AA81AF}"
EndProject
Project("{FAE04EC0-301F-11D3-BF4B-00C04F79EFBC}") = "Service.ConnectionCheck", "Service.ConnectionCheck\Service.ConnectionCheck.csproj", "{CCD5AA9F-2E32-49CB-9247-F8CE50078258}"
EndProject
Project("{FAE04EC0-301F-11D3-BF4B-00C04F79EFBC}") = "Service.Preprocessing", "Service.Preprocessing\Service.Preprocessing.csproj", "{62D83649-AAC9-439C-8F78-6703782E8E65}"
EndProject
Project("{FAE04EC0-301F-11D3-BF4B-00C04F79EFBC}") = "Service.Database", "Service.Database\Service.Database.csproj", "{CE51A3AD-9CE7-4F82-9A32-59575BC61038}"
EndProject
Project("{FAE04EC0-301F-11D3-BF4B-00C04F79EFBC}") = "Dialog.History", "Dialog.History\Dialog.History.csproj", "{46EC0B51-BD02-42C8-8DD0-6BA9E34B40B7}"
EndProject
Project("{FAE04EC0-301F-11D3-BF4B-00C04F79EFBC}") = "Dialog.DatabaseState", "Dialog.DatabaseState\Dialog.DatabaseState.csproj", "{CC5054C3-50CD-402D-A2FB-6BE64E8E9F50}"
EndProject
Project("{FAE04EC0-301F-11D3-BF4B-00C04F79EFBC}") = "Service.Save", "Service.Save\Service.Save.csproj", "{EE54966B-7C33-4566-A65C-299A3C207B7B}"
EndProject
Project("{FAE04EC0-301F-11D3-BF4B-00C04F79EFBC}") = "Service.ImageMerge", "Service.ImageMerge\Service.ImageMerge.csproj", "{72B5B909-5D50-4AEB-9EB5-AFE6720837C0}"
EndProject
Global
	GlobalSection(SolutionConfigurationPlatforms) = preSolution
		Debug|Any CPU = Debug|Any CPU
		Debug|x64 = Debug|x64
		Release|Any CPU = Release|Any CPU
		Release|x64 = Release|x64
	EndGlobalSection
	GlobalSection(ProjectConfigurationPlatforms) = postSolution
		{1B77E42B-7008-46B7-8412-D58A6347C218}.Debug|Any CPU.ActiveCfg = Debug|x64
		{1B77E42B-7008-46B7-8412-D58A6347C218}.Debug|x64.ActiveCfg = Debug|x64
		{1B77E42B-7008-46B7-8412-D58A6347C218}.Debug|x64.Build.0 = Debug|x64
		{1B77E42B-7008-46B7-8412-D58A6347C218}.Release|Any CPU.ActiveCfg = Release|x64
		{1B77E42B-7008-46B7-8412-D58A6347C218}.Release|x64.ActiveCfg = Release|x64
		{1B77E42B-7008-46B7-8412-D58A6347C218}.Release|x64.Build.0 = Release|x64
		{7CDA4A51-DE38-4DDD-BF00-53C9EAFA72AD}.Debug|Any CPU.ActiveCfg = Debug|Any CPU
		{7CDA4A51-DE38-4DDD-BF00-53C9EAFA72AD}.Debug|Any CPU.Build.0 = Debug|Any CPU
		{7CDA4A51-DE38-4DDD-BF00-53C9EAFA72AD}.Debug|x64.ActiveCfg = Debug|x64
		{7CDA4A51-DE38-4DDD-BF00-53C9EAFA72AD}.Debug|x64.Build.0 = Debug|x64
		{7CDA4A51-DE38-4DDD-BF00-53C9EAFA72AD}.Release|Any CPU.ActiveCfg = Release|Any CPU
		{7CDA4A51-DE38-4DDD-BF00-53C9EAFA72AD}.Release|Any CPU.Build.0 = Release|Any CPU
		{7CDA4A51-DE38-4DDD-BF00-53C9EAFA72AD}.Release|x64.ActiveCfg = Release|x64
		{7CDA4A51-DE38-4DDD-BF00-53C9EAFA72AD}.Release|x64.Build.0 = Release|x64
		{0C853BAC-42CD-43AF-9EF3-2E34A1D2A33F}.Debug|Any CPU.ActiveCfg = Debug|Any CPU
		{0C853BAC-42CD-43AF-9EF3-2E34A1D2A33F}.Debug|Any CPU.Build.0 = Debug|Any CPU
		{0C853BAC-42CD-43AF-9EF3-2E34A1D2A33F}.Debug|x64.ActiveCfg = Debug|x64
		{0C853BAC-42CD-43AF-9EF3-2E34A1D2A33F}.Debug|x64.Build.0 = Debug|x64
		{0C853BAC-42CD-43AF-9EF3-2E34A1D2A33F}.Release|Any CPU.ActiveCfg = Release|Any CPU
		{0C853BAC-42CD-43AF-9EF3-2E34A1D2A33F}.Release|Any CPU.Build.0 = Release|Any CPU
		{0C853BAC-42CD-43AF-9EF3-2E34A1D2A33F}.Release|x64.ActiveCfg = Release|x64
		{0C853BAC-42CD-43AF-9EF3-2E34A1D2A33F}.Release|x64.Build.0 = Release|x64
		{E0E1686B-BD6D-4CC3-B44A-E85CF9419CDA}.Debug|Any CPU.ActiveCfg = Debug|Any CPU
		{E0E1686B-BD6D-4CC3-B44A-E85CF9419CDA}.Debug|Any CPU.Build.0 = Debug|Any CPU
		{E0E1686B-BD6D-4CC3-B44A-E85CF9419CDA}.Debug|x64.ActiveCfg = Debug|x64
		{E0E1686B-BD6D-4CC3-B44A-E85CF9419CDA}.Debug|x64.Build.0 = Debug|x64
		{E0E1686B-BD6D-4CC3-B44A-E85CF9419CDA}.Release|Any CPU.ActiveCfg = Release|Any CPU
		{E0E1686B-BD6D-4CC3-B44A-E85CF9419CDA}.Release|Any CPU.Build.0 = Release|Any CPU
		{E0E1686B-BD6D-4CC3-B44A-E85CF9419CDA}.Release|x64.ActiveCfg = Release|x64
		{E0E1686B-BD6D-4CC3-B44A-E85CF9419CDA}.Release|x64.Build.0 = Release|x64
		{5E8AD4A7-9E1A-4B59-B21D-11C5A84EC26C}.Debug|Any CPU.ActiveCfg = Debug|Any CPU
		{5E8AD4A7-9E1A-4B59-B21D-11C5A84EC26C}.Debug|Any CPU.Build.0 = Debug|Any CPU
		{5E8AD4A7-9E1A-4B59-B21D-11C5A84EC26C}.Debug|x64.ActiveCfg = Debug|x64
		{5E8AD4A7-9E1A-4B59-B21D-11C5A84EC26C}.Debug|x64.Build.0 = Debug|x64
		{5E8AD4A7-9E1A-4B59-B21D-11C5A84EC26C}.Release|Any CPU.ActiveCfg = Release|Any CPU
		{5E8AD4A7-9E1A-4B59-B21D-11C5A84EC26C}.Release|Any CPU.Build.0 = Release|Any CPU
		{5E8AD4A7-9E1A-4B59-B21D-11C5A84EC26C}.Release|x64.ActiveCfg = Release|x64
		{5E8AD4A7-9E1A-4B59-B21D-11C5A84EC26C}.Release|x64.Build.0 = Release|x64
		{09811099-1AF4-4D6C-A76A-9E75A75A4A10}.Debug|Any CPU.ActiveCfg = Debug|Any CPU
		{09811099-1AF4-4D6C-A76A-9E75A75A4A10}.Debug|Any CPU.Build.0 = Debug|Any CPU
		{09811099-1AF4-4D6C-A76A-9E75A75A4A10}.Debug|x64.ActiveCfg = Debug|x64
		{09811099-1AF4-4D6C-A76A-9E75A75A4A10}.Debug|x64.Build.0 = Debug|x64
		{09811099-1AF4-4D6C-A76A-9E75A75A4A10}.Release|Any CPU.ActiveCfg = Release|Any CPU
		{09811099-1AF4-4D6C-A76A-9E75A75A4A10}.Release|Any CPU.Build.0 = Release|Any CPU
		{09811099-1AF4-4D6C-A76A-9E75A75A4A10}.Release|x64.ActiveCfg = Release|x64
		{09811099-1AF4-4D6C-A76A-9E75A75A4A10}.Release|x64.Build.0 = Release|x64
		{1736EA4A-DC6C-4F3D-BC10-FA7B92EDB055}.Debug|Any CPU.ActiveCfg = Debug|Any CPU
		{1736EA4A-DC6C-4F3D-BC10-FA7B92EDB055}.Debug|Any CPU.Build.0 = Debug|Any CPU
		{1736EA4A-DC6C-4F3D-BC10-FA7B92EDB055}.Debug|x64.ActiveCfg = Debug|x64
		{1736EA4A-DC6C-4F3D-BC10-FA7B92EDB055}.Debug|x64.Build.0 = Debug|x64
		{1736EA4A-DC6C-4F3D-BC10-FA7B92EDB055}.Release|Any CPU.ActiveCfg = Release|Any CPU
		{1736EA4A-DC6C-4F3D-BC10-FA7B92EDB055}.Release|Any CPU.Build.0 = Release|Any CPU
		{1736EA4A-DC6C-4F3D-BC10-FA7B92EDB055}.Release|x64.ActiveCfg = Release|x64
		{1736EA4A-DC6C-4F3D-BC10-FA7B92EDB055}.Release|x64.Build.0 = Release|x64
		{094F7961-C0B3-4F71-A513-5F10636A2395}.Debug|Any CPU.ActiveCfg = Debug|Any CPU
		{094F7961-C0B3-4F71-A513-5F10636A2395}.Debug|Any CPU.Build.0 = Debug|Any CPU
		{094F7961-C0B3-4F71-A513-5F10636A2395}.Debug|x64.ActiveCfg = Debug|x64
		{094F7961-C0B3-4F71-A513-5F10636A2395}.Debug|x64.Build.0 = Debug|x64
		{094F7961-C0B3-4F71-A513-5F10636A2395}.Release|Any CPU.ActiveCfg = Release|Any CPU
		{094F7961-C0B3-4F71-A513-5F10636A2395}.Release|Any CPU.Build.0 = Release|Any CPU
		{094F7961-C0B3-4F71-A513-5F10636A2395}.Release|x64.ActiveCfg = Release|x64
		{094F7961-C0B3-4F71-A513-5F10636A2395}.Release|x64.Build.0 = Release|x64
		{A4EA8E7A-1B3A-4C40-802B-079A0EB038E8}.Debug|Any CPU.ActiveCfg = Debug|Any CPU
		{A4EA8E7A-1B3A-4C40-802B-079A0EB038E8}.Debug|Any CPU.Build.0 = Debug|Any CPU
		{A4EA8E7A-1B3A-4C40-802B-079A0EB038E8}.Debug|x64.ActiveCfg = Debug|x64
		{A4EA8E7A-1B3A-4C40-802B-079A0EB038E8}.Debug|x64.Build.0 = Debug|x64
		{A4EA8E7A-1B3A-4C40-802B-079A0EB038E8}.Release|Any CPU.ActiveCfg = Release|Any CPU
		{A4EA8E7A-1B3A-4C40-802B-079A0EB038E8}.Release|Any CPU.Build.0 = Release|Any CPU
		{A4EA8E7A-1B3A-4C40-802B-079A0EB038E8}.Release|x64.ActiveCfg = Release|x64
		{A4EA8E7A-1B3A-4C40-802B-079A0EB038E8}.Release|x64.Build.0 = Release|x64
		{C3FC31B7-6C08-42E4-9190-EBE9C702DA4E}.Debug|Any CPU.ActiveCfg = Debug|Any CPU
		{C3FC31B7-6C08-42E4-9190-EBE9C702DA4E}.Debug|Any CPU.Build.0 = Debug|Any CPU
		{C3FC31B7-6C08-42E4-9190-EBE9C702DA4E}.Debug|x64.ActiveCfg = Debug|x64
		{C3FC31B7-6C08-42E4-9190-EBE9C702DA4E}.Debug|x64.Build.0 = Debug|x64
		{C3FC31B7-6C08-42E4-9190-EBE9C702DA4E}.Release|Any CPU.ActiveCfg = Release|Any CPU
		{C3FC31B7-6C08-42E4-9190-EBE9C702DA4E}.Release|Any CPU.Build.0 = Release|Any CPU
		{C3FC31B7-6C08-42E4-9190-EBE9C702DA4E}.Release|x64.ActiveCfg = Release|x64
		{C3FC31B7-6C08-42E4-9190-EBE9C702DA4E}.Release|x64.Build.0 = Release|x64
		{89380F14-321E-480E-8512-CA5E9B3991A1}.Debug|Any CPU.ActiveCfg = Debug|Any CPU
		{89380F14-321E-480E-8512-CA5E9B3991A1}.Debug|Any CPU.Build.0 = Debug|Any CPU
		{89380F14-321E-480E-8512-CA5E9B3991A1}.Debug|x64.ActiveCfg = Debug|x64
		{89380F14-321E-480E-8512-CA5E9B3991A1}.Debug|x64.Build.0 = Debug|x64
		{89380F14-321E-480E-8512-CA5E9B3991A1}.Release|Any CPU.ActiveCfg = Release|Any CPU
		{89380F14-321E-480E-8512-CA5E9B3991A1}.Release|Any CPU.Build.0 = Release|Any CPU
		{89380F14-321E-480E-8512-CA5E9B3991A1}.Release|x64.ActiveCfg = Release|x64
		{89380F14-321E-480E-8512-CA5E9B3991A1}.Release|x64.Build.0 = Release|x64
		{70C5B44D-0A6C-4679-9545-9F8D0EB18697}.Debug|Any CPU.ActiveCfg = Debug|x64
		{70C5B44D-0A6C-4679-9545-9F8D0EB18697}.Debug|x64.ActiveCfg = Debug|x64
		{70C5B44D-0A6C-4679-9545-9F8D0EB18697}.Debug|x64.Build.0 = Debug|x64
		{70C5B44D-0A6C-4679-9545-9F8D0EB18697}.Release|Any CPU.ActiveCfg = Release|x64
		{70C5B44D-0A6C-4679-9545-9F8D0EB18697}.Release|x64.ActiveCfg = Release|x64
		{70C5B44D-0A6C-4679-9545-9F8D0EB18697}.Release|x64.Build.0 = Release|x64
		{17F19850-AC0F-4D11-ADA7-9809837BE78B}.Debug|Any CPU.ActiveCfg = Debug|x64
		{17F19850-AC0F-4D11-ADA7-9809837BE78B}.Debug|Any CPU.Build.0 = Debug|x64
		{17F19850-AC0F-4D11-ADA7-9809837BE78B}.Debug|x64.ActiveCfg = Debug|x64
		{17F19850-AC0F-4D11-ADA7-9809837BE78B}.Debug|x64.Build.0 = Debug|x64
		{17F19850-AC0F-4D11-ADA7-9809837BE78B}.Release|Any CPU.ActiveCfg = Release|x64
		{17F19850-AC0F-4D11-ADA7-9809837BE78B}.Release|Any CPU.Build.0 = Release|x64
		{17F19850-AC0F-4D11-ADA7-9809837BE78B}.Release|x64.ActiveCfg = Release|x64
		{17F19850-AC0F-4D11-ADA7-9809837BE78B}.Release|x64.Build.0 = Release|x64
		{75BEFAF2-189A-4B47-82BF-7F6A9B366316}.Debug|Any CPU.ActiveCfg = Debug|Any CPU
		{75BEFAF2-189A-4B47-82BF-7F6A9B366316}.Debug|Any CPU.Build.0 = Debug|Any CPU
		{75BEFAF2-189A-4B47-82BF-7F6A9B366316}.Debug|x64.ActiveCfg = Debug|x64
		{75BEFAF2-189A-4B47-82BF-7F6A9B366316}.Debug|x64.Build.0 = Debug|x64
		{75BEFAF2-189A-4B47-82BF-7F6A9B366316}.Release|Any CPU.ActiveCfg = Release|Any CPU
		{75BEFAF2-189A-4B47-82BF-7F6A9B366316}.Release|Any CPU.Build.0 = Release|Any CPU
		{75BEFAF2-189A-4B47-82BF-7F6A9B366316}.Release|x64.ActiveCfg = Release|x64
		{75BEFAF2-189A-4B47-82BF-7F6A9B366316}.Release|x64.Build.0 = Release|x64
		{F2BDFF7C-F3BD-4AA8-9C93-8F118C6EA039}.Debug|Any CPU.ActiveCfg = Debug|Any CPU
		{F2BDFF7C-F3BD-4AA8-9C93-8F118C6EA039}.Debug|Any CPU.Build.0 = Debug|Any CPU
		{F2BDFF7C-F3BD-4AA8-9C93-8F118C6EA039}.Debug|x64.ActiveCfg = Debug|x64
		{F2BDFF7C-F3BD-4AA8-9C93-8F118C6EA039}.Debug|x64.Build.0 = Debug|x64
		{F2BDFF7C-F3BD-4AA8-9C93-8F118C6EA039}.Release|Any CPU.ActiveCfg = Release|Any CPU
		{F2BDFF7C-F3BD-4AA8-9C93-8F118C6EA039}.Release|Any CPU.Build.0 = Release|Any CPU
		{F2BDFF7C-F3BD-4AA8-9C93-8F118C6EA039}.Release|x64.ActiveCfg = Release|x64
		{F2BDFF7C-F3BD-4AA8-9C93-8F118C6EA039}.Release|x64.Build.0 = Release|x64
		{A4ACC0D0-DAC5-4192-AFCD-7755E8C52871}.Debug|Any CPU.ActiveCfg = Debug|x64
		{A4ACC0D0-DAC5-4192-AFCD-7755E8C52871}.Debug|Any CPU.Build.0 = Debug|x64
		{A4ACC0D0-DAC5-4192-AFCD-7755E8C52871}.Debug|x64.ActiveCfg = Debug|x64
		{A4ACC0D0-DAC5-4192-AFCD-7755E8C52871}.Debug|x64.Build.0 = Debug|x64
		{A4ACC0D0-DAC5-4192-AFCD-7755E8C52871}.Release|Any CPU.ActiveCfg = Release|x64
		{A4ACC0D0-DAC5-4192-AFCD-7755E8C52871}.Release|Any CPU.Build.0 = Release|x64
		{A4ACC0D0-DAC5-4192-AFCD-7755E8C52871}.Release|x64.ActiveCfg = Release|x64
		{A4ACC0D0-DAC5-4192-AFCD-7755E8C52871}.Release|x64.Build.0 = Release|x64
		{42BC2DA0-E7D8-4F5A-BCCB-82BA7850FFC5}.Debug|Any CPU.ActiveCfg = Debug|Any CPU
		{42BC2DA0-E7D8-4F5A-BCCB-82BA7850FFC5}.Debug|Any CPU.Build.0 = Debug|Any CPU
		{42BC2DA0-E7D8-4F5A-BCCB-82BA7850FFC5}.Debug|x64.ActiveCfg = Debug|x64
		{42BC2DA0-E7D8-4F5A-BCCB-82BA7850FFC5}.Debug|x64.Build.0 = Debug|x64
		{42BC2DA0-E7D8-4F5A-BCCB-82BA7850FFC5}.Release|Any CPU.ActiveCfg = Release|Any CPU
		{42BC2DA0-E7D8-4F5A-BCCB-82BA7850FFC5}.Release|Any CPU.Build.0 = Release|Any CPU
		{42BC2DA0-E7D8-4F5A-BCCB-82BA7850FFC5}.Release|x64.ActiveCfg = Release|x64
		{42BC2DA0-E7D8-4F5A-BCCB-82BA7850FFC5}.Release|x64.Build.0 = Release|x64
		{38BE2AC8-4345-4038-A69E-6A673C828B2A}.Debug|Any CPU.ActiveCfg = Debug|Any CPU
		{38BE2AC8-4345-4038-A69E-6A673C828B2A}.Debug|Any CPU.Build.0 = Debug|Any CPU
		{38BE2AC8-4345-4038-A69E-6A673C828B2A}.Debug|x64.ActiveCfg = Debug|x64
		{38BE2AC8-4345-4038-A69E-6A673C828B2A}.Debug|x64.Build.0 = Debug|x64
		{38BE2AC8-4345-4038-A69E-6A673C828B2A}.Release|Any CPU.ActiveCfg = Release|Any CPU
		{38BE2AC8-4345-4038-A69E-6A673C828B2A}.Release|Any CPU.Build.0 = Release|Any CPU
		{38BE2AC8-4345-4038-A69E-6A673C828B2A}.Release|x64.ActiveCfg = Release|x64
		{38BE2AC8-4345-4038-A69E-6A673C828B2A}.Release|x64.Build.0 = Release|x64
		{31BFA379-4921-4AD6-9084-637CE116A339}.Debug|Any CPU.ActiveCfg = Debug|Any CPU
		{31BFA379-4921-4AD6-9084-637CE116A339}.Debug|Any CPU.Build.0 = Debug|Any CPU
		{31BFA379-4921-4AD6-9084-637CE116A339}.Debug|x64.ActiveCfg = Debug|x64
		{31BFA379-4921-4AD6-9084-637CE116A339}.Debug|x64.Build.0 = Debug|x64
		{31BFA379-4921-4AD6-9084-637CE116A339}.Release|Any CPU.ActiveCfg = Release|Any CPU
		{31BFA379-4921-4AD6-9084-637CE116A339}.Release|Any CPU.Build.0 = Release|Any CPU
		{31BFA379-4921-4AD6-9084-637CE116A339}.Release|x64.ActiveCfg = Release|x64
		{31BFA379-4921-4AD6-9084-637CE116A339}.Release|x64.Build.0 = Release|x64
		{B84D742D-71A4-447D-8BEA-284A8E136924}.Debug|Any CPU.ActiveCfg = Debug|x64
		{B84D742D-71A4-447D-8BEA-284A8E136924}.Debug|Any CPU.Build.0 = Debug|x64
		{B84D742D-71A4-447D-8BEA-284A8E136924}.Debug|x64.ActiveCfg = Debug|x64
		{B84D742D-71A4-447D-8BEA-284A8E136924}.Debug|x64.Build.0 = Debug|x64
		{B84D742D-71A4-447D-8BEA-284A8E136924}.Release|Any CPU.ActiveCfg = Release|x64
		{B84D742D-71A4-447D-8BEA-284A8E136924}.Release|Any CPU.Build.0 = Release|x64
		{B84D742D-71A4-447D-8BEA-284A8E136924}.Release|x64.ActiveCfg = Release|x64
		{B84D742D-71A4-447D-8BEA-284A8E136924}.Release|x64.Build.0 = Release|x64
		{E96C8E27-2C83-473C-AE79-F95CD719D0A0}.Debug|Any CPU.ActiveCfg = Debug|x64
		{E96C8E27-2C83-473C-AE79-F95CD719D0A0}.Debug|Any CPU.Build.0 = Debug|x64
		{E96C8E27-2C83-473C-AE79-F95CD719D0A0}.Debug|x64.ActiveCfg = Debug|x64
		{E96C8E27-2C83-473C-AE79-F95CD719D0A0}.Debug|x64.Build.0 = Debug|x64
		{E96C8E27-2C83-473C-AE79-F95CD719D0A0}.Release|Any CPU.ActiveCfg = Release|x64
		{E96C8E27-2C83-473C-AE79-F95CD719D0A0}.Release|Any CPU.Build.0 = Release|x64
		{E96C8E27-2C83-473C-AE79-F95CD719D0A0}.Release|x64.ActiveCfg = Release|x64
		{E96C8E27-2C83-473C-AE79-F95CD719D0A0}.Release|x64.Build.0 = Release|x64
		{CEEC9CB0-A420-4FEC-8669-37CB34541C0F}.Debug|Any CPU.ActiveCfg = Debug|Any CPU
		{CEEC9CB0-A420-4FEC-8669-37CB34541C0F}.Debug|Any CPU.Build.0 = Debug|Any CPU
		{CEEC9CB0-A420-4FEC-8669-37CB34541C0F}.Debug|x64.ActiveCfg = Debug|x64
		{CEEC9CB0-A420-4FEC-8669-37CB34541C0F}.Debug|x64.Build.0 = Debug|x64
		{CEEC9CB0-A420-4FEC-8669-37CB34541C0F}.Release|Any CPU.ActiveCfg = Release|Any CPU
		{CEEC9CB0-A420-4FEC-8669-37CB34541C0F}.Release|Any CPU.Build.0 = Release|Any CPU
		{CEEC9CB0-A420-4FEC-8669-37CB34541C0F}.Release|x64.ActiveCfg = Release|x64
		{CEEC9CB0-A420-4FEC-8669-37CB34541C0F}.Release|x64.Build.0 = Release|x64
		{6E66EBDC-E859-4F69-B72B-B445E41BE3F7}.Debug|Any CPU.ActiveCfg = Debug|Any CPU
		{6E66EBDC-E859-4F69-B72B-B445E41BE3F7}.Debug|Any CPU.Build.0 = Debug|Any CPU
		{6E66EBDC-E859-4F69-B72B-B445E41BE3F7}.Debug|x64.ActiveCfg = Debug|x64
		{6E66EBDC-E859-4F69-B72B-B445E41BE3F7}.Debug|x64.Build.0 = Debug|x64
		{6E66EBDC-E859-4F69-B72B-B445E41BE3F7}.Release|Any CPU.ActiveCfg = Release|Any CPU
		{6E66EBDC-E859-4F69-B72B-B445E41BE3F7}.Release|Any CPU.Build.0 = Release|Any CPU
		{6E66EBDC-E859-4F69-B72B-B445E41BE3F7}.Release|x64.ActiveCfg = Release|x64
		{6E66EBDC-E859-4F69-B72B-B445E41BE3F7}.Release|x64.Build.0 = Release|x64
		{320D746D-2E95-4B08-A758-FDDDAEC98198}.Debug|Any CPU.ActiveCfg = Debug|Any CPU
		{320D746D-2E95-4B08-A758-FDDDAEC98198}.Debug|Any CPU.Build.0 = Debug|Any CPU
		{320D746D-2E95-4B08-A758-FDDDAEC98198}.Debug|x64.ActiveCfg = Debug|x64
		{320D746D-2E95-4B08-A758-FDDDAEC98198}.Debug|x64.Build.0 = Debug|x64
		{320D746D-2E95-4B08-A758-FDDDAEC98198}.Release|Any CPU.ActiveCfg = Release|Any CPU
		{320D746D-2E95-4B08-A758-FDDDAEC98198}.Release|Any CPU.Build.0 = Release|Any CPU
		{320D746D-2E95-4B08-A758-FDDDAEC98198}.Release|x64.ActiveCfg = Release|x64
		{320D746D-2E95-4B08-A758-FDDDAEC98198}.Release|x64.Build.0 = Release|x64
		{E02AED11-1AB5-4BC8-8E81-8D0923AA81AF}.Debug|Any CPU.ActiveCfg = Debug|Any CPU
		{E02AED11-1AB5-4BC8-8E81-8D0923AA81AF}.Debug|Any CPU.Build.0 = Debug|Any CPU
		{E02AED11-1AB5-4BC8-8E81-8D0923AA81AF}.Debug|x64.ActiveCfg = Debug|x64
		{E02AED11-1AB5-4BC8-8E81-8D0923AA81AF}.Debug|x64.Build.0 = Debug|x64
		{E02AED11-1AB5-4BC8-8E81-8D0923AA81AF}.Release|Any CPU.ActiveCfg = Release|Any CPU
		{E02AED11-1AB5-4BC8-8E81-8D0923AA81AF}.Release|Any CPU.Build.0 = Release|Any CPU
		{E02AED11-1AB5-4BC8-8E81-8D0923AA81AF}.Release|x64.ActiveCfg = Release|x64
		{E02AED11-1AB5-4BC8-8E81-8D0923AA81AF}.Release|x64.Build.0 = Release|x64
		{CCD5AA9F-2E32-49CB-9247-F8CE50078258}.Debug|Any CPU.ActiveCfg = Debug|Any CPU
		{CCD5AA9F-2E32-49CB-9247-F8CE50078258}.Debug|Any CPU.Build.0 = Debug|Any CPU
		{CCD5AA9F-2E32-49CB-9247-F8CE50078258}.Debug|x64.ActiveCfg = Debug|x64
		{CCD5AA9F-2E32-49CB-9247-F8CE50078258}.Debug|x64.Build.0 = Debug|x64
		{CCD5AA9F-2E32-49CB-9247-F8CE50078258}.Release|Any CPU.ActiveCfg = Release|Any CPU
		{CCD5AA9F-2E32-49CB-9247-F8CE50078258}.Release|Any CPU.Build.0 = Release|Any CPU
		{CCD5AA9F-2E32-49CB-9247-F8CE50078258}.Release|x64.ActiveCfg = Release|x64
		{CCD5AA9F-2E32-49CB-9247-F8CE50078258}.Release|x64.Build.0 = Release|x64
		{62D83649-AAC9-439C-8F78-6703782E8E65}.Debug|Any CPU.ActiveCfg = Debug|Any CPU
		{62D83649-AAC9-439C-8F78-6703782E8E65}.Debug|Any CPU.Build.0 = Debug|Any CPU
		{62D83649-AAC9-439C-8F78-6703782E8E65}.Debug|x64.ActiveCfg = Debug|x64
		{62D83649-AAC9-439C-8F78-6703782E8E65}.Debug|x64.Build.0 = Debug|x64
		{62D83649-AAC9-439C-8F78-6703782E8E65}.Release|Any CPU.ActiveCfg = Release|Any CPU
		{62D83649-AAC9-439C-8F78-6703782E8E65}.Release|Any CPU.Build.0 = Release|Any CPU
		{62D83649-AAC9-439C-8F78-6703782E8E65}.Release|x64.ActiveCfg = Release|x64
		{62D83649-AAC9-439C-8F78-6703782E8E65}.Release|x64.Build.0 = Release|x64
		{CE51A3AD-9CE7-4F82-9A32-59575BC61038}.Debug|Any CPU.ActiveCfg = Debug|x64
		{CE51A3AD-9CE7-4F82-9A32-59575BC61038}.Debug|x64.ActiveCfg = Debug|x64
		{CE51A3AD-9CE7-4F82-9A32-59575BC61038}.Debug|x64.Build.0 = Debug|x64
		{CE51A3AD-9CE7-4F82-9A32-59575BC61038}.Release|Any CPU.ActiveCfg = Release|x64
		{CE51A3AD-9CE7-4F82-9A32-59575BC61038}.Release|x64.ActiveCfg = Release|x64
		{CE51A3AD-9CE7-4F82-9A32-59575BC61038}.Release|x64.Build.0 = Release|x64
		{46EC0B51-BD02-42C8-8DD0-6BA9E34B40B7}.Debug|Any CPU.ActiveCfg = Debug|x64
		{46EC0B51-BD02-42C8-8DD0-6BA9E34B40B7}.Debug|x64.ActiveCfg = Debug|x64
		{46EC0B51-BD02-42C8-8DD0-6BA9E34B40B7}.Debug|x64.Build.0 = Debug|x64
		{46EC0B51-BD02-42C8-8DD0-6BA9E34B40B7}.Release|Any CPU.ActiveCfg = Release|x64
		{46EC0B51-BD02-42C8-8DD0-6BA9E34B40B7}.Release|x64.ActiveCfg = Release|x64
		{46EC0B51-BD02-42C8-8DD0-6BA9E34B40B7}.Release|x64.Build.0 = Release|x64
		{CC5054C3-50CD-402D-A2FB-6BE64E8E9F50}.Debug|Any CPU.ActiveCfg = Debug|x64
		{CC5054C3-50CD-402D-A2FB-6BE64E8E9F50}.Debug|x64.ActiveCfg = Debug|x64
		{CC5054C3-50CD-402D-A2FB-6BE64E8E9F50}.Debug|x64.Build.0 = Debug|x64
		{CC5054C3-50CD-402D-A2FB-6BE64E8E9F50}.Release|Any CPU.ActiveCfg = Release|x64
		{CC5054C3-50CD-402D-A2FB-6BE64E8E9F50}.Release|x64.ActiveCfg = Release|x64
		{CC5054C3-50CD-402D-A2FB-6BE64E8E9F50}.Release|x64.Build.0 = Release|x64
		{EE54966B-7C33-4566-A65C-299A3C207B7B}.Debug|Any CPU.ActiveCfg = Debug|x64
		{EE54966B-7C33-4566-A65C-299A3C207B7B}.Debug|Any CPU.Build.0 = Debug|x64
		{EE54966B-7C33-4566-A65C-299A3C207B7B}.Debug|x64.ActiveCfg = Debug|x64
		{EE54966B-7C33-4566-A65C-299A3C207B7B}.Debug|x64.Build.0 = Debug|x64
		{EE54966B-7C33-4566-A65C-299A3C207B7B}.Release|Any CPU.ActiveCfg = Release|x64
		{EE54966B-7C33-4566-A65C-299A3C207B7B}.Release|Any CPU.Build.0 = Release|x64
		{EE54966B-7C33-4566-A65C-299A3C207B7B}.Release|x64.ActiveCfg = Release|x64
		{EE54966B-7C33-4566-A65C-299A3C207B7B}.Release|x64.Build.0 = Release|x64
		{72B5B909-5D50-4AEB-9EB5-AFE6720837C0}.Debug|Any CPU.ActiveCfg = Debug|x64
		{72B5B909-5D50-4AEB-9EB5-AFE6720837C0}.Debug|x64.ActiveCfg = Debug|x64
		{72B5B909-5D50-4AEB-9EB5-AFE6720837C0}.Debug|x64.Build.0 = Debug|x64
		{72B5B909-5D50-4AEB-9EB5-AFE6720837C0}.Release|Any CPU.ActiveCfg = Release|x64
		{72B5B909-5D50-4AEB-9EB5-AFE6720837C0}.Release|x64.ActiveCfg = Release|x64
		{72B5B909-5D50-4AEB-9EB5-AFE6720837C0}.Release|x64.Build.0 = Release|x64
	EndGlobalSection
	GlobalSection(SolutionProperties) = preSolution
		HideSolutionNode = FALSE
	EndGlobalSection
	GlobalSection(NestedProjects) = preSolution
		{7CDA4A51-DE38-4DDD-BF00-53C9EAFA72AD} = {CC0C621E-2E2C-4061-B859-65DD588044FF}
		{0C853BAC-42CD-43AF-9EF3-2E34A1D2A33F} = {CC0C621E-2E2C-4061-B859-65DD588044FF}
		{E0E1686B-BD6D-4CC3-B44A-E85CF9419CDA} = {CC0C621E-2E2C-4061-B859-65DD588044FF}
		{5E8AD4A7-9E1A-4B59-B21D-11C5A84EC26C} = {CC0C621E-2E2C-4061-B859-65DD588044FF}
		{CBAE9307-639A-4791-9D34-17F838083C2A} = {5F93DE3C-3A6F-444F-9706-BDB76DF01B4F}
		{09811099-1AF4-4D6C-A76A-9E75A75A4A10} = {CBAE9307-639A-4791-9D34-17F838083C2A}
		{1736EA4A-DC6C-4F3D-BC10-FA7B92EDB055} = {CBAE9307-639A-4791-9D34-17F838083C2A}
		{094F7961-C0B3-4F71-A513-5F10636A2395} = {CBAE9307-639A-4791-9D34-17F838083C2A}
		{A4EA8E7A-1B3A-4C40-802B-079A0EB038E8} = {CBAE9307-639A-4791-9D34-17F838083C2A}
		{C3FC31B7-6C08-42E4-9190-EBE9C702DA4E} = {CBAE9307-639A-4791-9D34-17F838083C2A}
		{89380F14-321E-480E-8512-CA5E9B3991A1} = {CBAE9307-639A-4791-9D34-17F838083C2A}
		{17F19850-AC0F-4D11-ADA7-9809837BE78B} = {CC0C621E-2E2C-4061-B859-65DD588044FF}
		{892C393B-2999-43FD-ABA6-8D4D55EF38E3} = {5F93DE3C-3A6F-444F-9706-BDB76DF01B4F}
		{75BEFAF2-189A-4B47-82BF-7F6A9B366316} = {892C393B-2999-43FD-ABA6-8D4D55EF38E3}
		{F2BDFF7C-F3BD-4AA8-9C93-8F118C6EA039} = {CC0C621E-2E2C-4061-B859-65DD588044FF}
		{A4ACC0D0-DAC5-4192-AFCD-7755E8C52871} = {892C393B-2999-43FD-ABA6-8D4D55EF38E3}
		{42BC2DA0-E7D8-4F5A-BCCB-82BA7850FFC5} = {892C393B-2999-43FD-ABA6-8D4D55EF38E3}
		{38BE2AC8-4345-4038-A69E-6A673C828B2A} = {892C393B-2999-43FD-ABA6-8D4D55EF38E3}
		{31BFA379-4921-4AD6-9084-637CE116A339} = {892C393B-2999-43FD-ABA6-8D4D55EF38E3}
		{B84D742D-71A4-447D-8BEA-284A8E136924} = {CC0C621E-2E2C-4061-B859-65DD588044FF}
		{E96C8E27-2C83-473C-AE79-F95CD719D0A0} = {CC0C621E-2E2C-4061-B859-65DD588044FF}
		{CEEC9CB0-A420-4FEC-8669-37CB34541C0F} = {CC0C621E-2E2C-4061-B859-65DD588044FF}
		{6E66EBDC-E859-4F69-B72B-B445E41BE3F7} = {CC0C621E-2E2C-4061-B859-65DD588044FF}
		{320D746D-2E95-4B08-A758-FDDDAEC98198} = {CC0C621E-2E2C-4061-B859-65DD588044FF}
		{E02AED11-1AB5-4BC8-8E81-8D0923AA81AF} = {CC0C621E-2E2C-4061-B859-65DD588044FF}
		{CCD5AA9F-2E32-49CB-9247-F8CE50078258} = {CC0C621E-2E2C-4061-B859-65DD588044FF}
		{62D83649-AAC9-439C-8F78-6703782E8E65} = {CC0C621E-2E2C-4061-B859-65DD588044FF}
		{CE51A3AD-9CE7-4F82-9A32-59575BC61038} = {CC0C621E-2E2C-4061-B859-65DD588044FF}
		{46EC0B51-BD02-42C8-8DD0-6BA9E34B40B7} = {892C393B-2999-43FD-ABA6-8D4D55EF38E3}
		{CC5054C3-50CD-402D-A2FB-6BE64E8E9F50} = {892C393B-2999-43FD-ABA6-8D4D55EF38E3}
		{EE54966B-7C33-4566-A65C-299A3C207B7B} = {CC0C621E-2E2C-4061-B859-65DD588044FF}
		{72B5B909-5D50-4AEB-9EB5-AFE6720837C0} = {CC0C621E-2E2C-4061-B859-65DD588044FF}
	EndGlobalSection
	GlobalSection(ExtensibilityGlobals) = postSolution
		SolutionGuid = {2039644F-0D8A-413C-B6FD-FBEEBA3FC058}
	EndGlobalSection
EndGlobal
